// !$*UTF8*$!
{
	archiveVersion = 1;
	classes = {
	};
	objectVersion = 50;
	objects = {

/* Begin PBXBuildFile section */
		4845BA272129F2C700800CAD /* AppDelegate.swift in Sources */ = {isa = PBXBuildFile; fileRef = 4845BA262129F2C700800CAD /* AppDelegate.swift */; };
		4845BA292129F2C700800CAD /* ViewController.swift in Sources */ = {isa = PBXBuildFile; fileRef = 4845BA282129F2C700800CAD /* ViewController.swift */; };
		4845BA2C2129F2C700800CAD /* Main.storyboard in Resources */ = {isa = PBXBuildFile; fileRef = 4845BA2A2129F2C700800CAD /* Main.storyboard */; };
		4845BA2E2129F2C900800CAD /* Assets.xcassets in Resources */ = {isa = PBXBuildFile; fileRef = 4845BA2D2129F2C900800CAD /* Assets.xcassets */; };
		4845BA312129F2C900800CAD /* LaunchScreen.storyboard in Resources */ = {isa = PBXBuildFile; fileRef = 4845BA2F2129F2C900800CAD /* LaunchScreen.storyboard */; };
		4845BA3C2129F2C900800CAD /* TipCalTests.swift in Sources */ = {isa = PBXBuildFile; fileRef = 4845BA3B2129F2C900800CAD /* TipCalTests.swift */; };
		4845BA472129F2C900800CAD /* TipCalUITests.swift in Sources */ = {isa = PBXBuildFile; fileRef = 4845BA462129F2C900800CAD /* TipCalUITests.swift */; };
/* End PBXBuildFile section */

/* Begin PBXContainerItemProxy section */
		4845BA382129F2C900800CAD /* PBXContainerItemProxy */ = {
			isa = PBXContainerItemProxy;
			containerPortal = 4845BA1B2129F2C700800CAD /* Project object */;
			proxyType = 1;
			remoteGlobalIDString = 4845BA222129F2C700800CAD;
			remoteInfo = TipCal;
		};
		4845BA432129F2C900800CAD /* PBXContainerItemProxy */ = {
			isa = PBXContainerItemProxy;
			containerPortal = 4845BA1B2129F2C700800CAD /* Project object */;
			proxyType = 1;
			remoteGlobalIDString = 4845BA222129F2C700800CAD;
			remoteInfo = TipCal;
		};
/* End PBXContainerItemProxy section */

/* Begin PBXFileReference section */
		4845BA232129F2C700800CAD /* TipCal.app */ = {isa = PBXFileReference; explicitFileType = wrapper.application; includeInIndex = 0; path = TipCal.app; sourceTree = BUILT_PRODUCTS_DIR; };
		4845BA262129F2C700800CAD /* AppDelegate.swift */ = {isa = PBXFileReference; lastKnownFileType = sourcecode.swift; path = AppDelegate.swift; sourceTree = "<group>"; };
		4845BA282129F2C700800CAD /* ViewController.swift */ = {isa = PBXFileReference; lastKnownFileType = sourcecode.swift; path = ViewController.swift; sourceTree = "<group>"; };
		4845BA2B2129F2C700800CAD /* Base */ = {isa = PBXFileReference; lastKnownFileType = file.storyboard; name = Base; path = Base.lproj/Main.storyboard; sourceTree = "<group>"; };
		4845BA2D2129F2C900800CAD /* Assets.xcassets */ = {isa = PBXFileReference; lastKnownFileType = folder.assetcatalog; path = Assets.xcassets; sourceTree = "<group>"; };
		4845BA302129F2C900800CAD /* Base */ = {isa = PBXFileReference; lastKnownFileType = file.storyboard; name = Base; path = Base.lproj/LaunchScreen.storyboard; sourceTree = "<group>"; };
		4845BA322129F2C900800CAD /* Info.plist */ = {isa = PBXFileReference; lastKnownFileType = text.plist.xml; path = Info.plist; sourceTree = "<group>"; };
		4845BA372129F2C900800CAD /* TipCalTests.xctest */ = {isa = PBXFileReference; explicitFileType = wrapper.cfbundle; includeInIndex = 0; path = TipCalTests.xctest; sourceTree = BUILT_PRODUCTS_DIR; };
		4845BA3B2129F2C900800CAD /* TipCalTests.swift */ = {isa = PBXFileReference; lastKnownFileType = sourcecode.swift; path = TipCalTests.swift; sourceTree = "<group>"; };
		4845BA3D2129F2C900800CAD /* Info.plist */ = {isa = PBXFileReference; lastKnownFileType = text.plist.xml; path = Info.plist; sourceTree = "<group>"; };
		4845BA422129F2C900800CAD /* TipCalUITests.xctest */ = {isa = PBXFileReference; explicitFileType = wrapper.cfbundle; includeInIndex = 0; path = TipCalUITests.xctest; sourceTree = BUILT_PRODUCTS_DIR; };
		4845BA462129F2C900800CAD /* TipCalUITests.swift */ = {isa = PBXFileReference; lastKnownFileType = sourcecode.swift; path = TipCalUITests.swift; sourceTree = "<group>"; };
		4845BA482129F2C900800CAD /* Info.plist */ = {isa = PBXFileReference; lastKnownFileType = text.plist.xml; path = Info.plist; sourceTree = "<group>"; };
/* End PBXFileReference section */

/* Begin PBXFrameworksBuildPhase section */
		4845BA202129F2C700800CAD /* Frameworks */ = {
			isa = PBXFrameworksBuildPhase;
			buildActionMask = 2147483647;
			files = (
			);
			runOnlyForDeploymentPostprocessing = 0;
		};
		4845BA342129F2C900800CAD /* Frameworks */ = {
			isa = PBXFrameworksBuildPhase;
			buildActionMask = 2147483647;
			files = (
			);
			runOnlyForDeploymentPostprocessing = 0;
		};
		4845BA3F2129F2C900800CAD /* Frameworks */ = {
			isa = PBXFrameworksBuildPhase;
			buildActionMask = 2147483647;
			files = (
			);
			runOnlyForDeploymentPostprocessing = 0;
		};
/* End PBXFrameworksBuildPhase section */

/* Begin PBXGroup section */
		4845BA1A2129F2C600800CAD = {
			isa = PBXGroup;
			children = (
				4845BA252129F2C700800CAD /* TipCal */,
				4845BA3A2129F2C900800CAD /* TipCalTests */,
				4845BA452129F2C900800CAD /* TipCalUITests */,
				4845BA242129F2C700800CAD /* Products */,
			);
			sourceTree = "<group>";
		};
		4845BA242129F2C700800CAD /* Products */ = {
			isa = PBXGroup;
			children = (
				4845BA232129F2C700800CAD /* TipCal.app */,
				4845BA372129F2C900800CAD /* TipCalTests.xctest */,
				4845BA422129F2C900800CAD /* TipCalUITests.xctest */,
			);
			name = Products;
			sourceTree = "<group>";
		};
		4845BA252129F2C700800CAD /* TipCal */ = {
			isa = PBXGroup;
			children = (
				4845BA262129F2C700800CAD /* AppDelegate.swift */,
				4845BA282129F2C700800CAD /* ViewController.swift */,
				4845BA2A2129F2C700800CAD /* Main.storyboard */,
				4845BA2D2129F2C900800CAD /* Assets.xcassets */,
				4845BA2F2129F2C900800CAD /* LaunchScreen.storyboard */,
				4845BA322129F2C900800CAD /* Info.plist */,
			);
			path = TipCal;
			sourceTree = "<group>";
		};
		4845BA3A2129F2C900800CAD /* TipCalTests */ = {
			isa = PBXGroup;
			children = (
				4845BA3B2129F2C900800CAD /* TipCalTests.swift */,
				4845BA3D2129F2C900800CAD /* Info.plist */,
			);
			path = TipCalTests;
			sourceTree = "<group>";
		};
		4845BA452129F2C900800CAD /* TipCalUITests */ = {
			isa = PBXGroup;
			children = (
				4845BA462129F2C900800CAD /* TipCalUITests.swift */,
				4845BA482129F2C900800CAD /* Info.plist */,
			);
			path = TipCalUITests;
			sourceTree = "<group>";
		};
/* End PBXGroup section */

/* Begin PBXNativeTarget section */
		4845BA222129F2C700800CAD /* TipCal */ = {
			isa = PBXNativeTarget;
			buildConfigurationList = 4845BA4B2129F2C900800CAD /* Build configuration list for PBXNativeTarget "TipCal" */;
			buildPhases = (
				4845BA1F2129F2C700800CAD /* Sources */,
				4845BA202129F2C700800CAD /* Frameworks */,
				4845BA212129F2C700800CAD /* Resources */,
			);
			buildRules = (
			);
			dependencies = (
			);
			name = TipCal;
			productName = TipCal;
			productReference = 4845BA232129F2C700800CAD /* TipCal.app */;
			productType = "com.apple.product-type.application";
		};
		4845BA362129F2C900800CAD /* TipCalTests */ = {
			isa = PBXNativeTarget;
			buildConfigurationList = 4845BA4E2129F2C900800CAD /* Build configuration list for PBXNativeTarget "TipCalTests" */;
			buildPhases = (
				4845BA332129F2C900800CAD /* Sources */,
				4845BA342129F2C900800CAD /* Frameworks */,
				4845BA352129F2C900800CAD /* Resources */,
			);
			buildRules = (
			);
			dependencies = (
				4845BA392129F2C900800CAD /* PBXTargetDependency */,
			);
			name = TipCalTests;
			productName = TipCalTests;
			productReference = 4845BA372129F2C900800CAD /* TipCalTests.xctest */;
			productType = "com.apple.product-type.bundle.unit-test";
		};
		4845BA412129F2C900800CAD /* TipCalUITests */ = {
			isa = PBXNativeTarget;
			buildConfigurationList = 4845BA512129F2C900800CAD /* Build configuration list for PBXNativeTarget "TipCalUITests" */;
			buildPhases = (
				4845BA3E2129F2C900800CAD /* Sources */,
				4845BA3F2129F2C900800CAD /* Frameworks */,
				4845BA402129F2C900800CAD /* Resources */,
			);
			buildRules = (
			);
			dependencies = (
				4845BA442129F2C900800CAD /* PBXTargetDependency */,
			);
			name = TipCalUITests;
			productName = TipCalUITests;
			productReference = 4845BA422129F2C900800CAD /* TipCalUITests.xctest */;
			productType = "com.apple.product-type.bundle.ui-testing";
		};
/* End PBXNativeTarget section */

/* Begin PBXProject section */
		4845BA1B2129F2C700800CAD /* Project object */ = {
			isa = PBXProject;
			attributes = {
				LastSwiftUpdateCheck = 0940;
				LastUpgradeCheck = 0940;
				ORGANIZATIONNAME = "Truong Nguyen";
				TargetAttributes = {
					4845BA222129F2C700800CAD = {
						CreatedOnToolsVersion = 9.4.1;
					};
					4845BA362129F2C900800CAD = {
						CreatedOnToolsVersion = 9.4.1;
						TestTargetID = 4845BA222129F2C700800CAD;
					};
					4845BA412129F2C900800CAD = {
						CreatedOnToolsVersion = 9.4.1;
						TestTargetID = 4845BA222129F2C700800CAD;
					};
				};
			};
			buildConfigurationList = 4845BA1E2129F2C700800CAD /* Build configuration list for PBXProject "TipCal" */;
			compatibilityVersion = "Xcode 9.3";
			developmentRegion = en;
			hasScannedForEncodings = 0;
			knownRegions = (
				en,
				Base,
			);
			mainGroup = 4845BA1A2129F2C600800CAD;
			productRefGroup = 4845BA242129F2C700800CAD /* Products */;
			projectDirPath = "";
			projectRoot = "";
			targets = (
				4845BA222129F2C700800CAD /* TipCal */,
				4845BA362129F2C900800CAD /* TipCalTests */,
				4845BA412129F2C900800CAD /* TipCalUITests */,
			);
		};
/* End PBXProject section */

/* Begin PBXResourcesBuildPhase section */
		4845BA212129F2C700800CAD /* Resources */ = {
			isa = PBXResourcesBuildPhase;
			buildActionMask = 2147483647;
			files = (
				4845BA312129F2C900800CAD /* LaunchScreen.storyboard in Resources */,
				4845BA2E2129F2C900800CAD /* Assets.xcassets in Resources */,
				4845BA2C2129F2C700800CAD /* Main.storyboard in Resources */,
			);
			runOnlyForDeploymentPostprocessing = 0;
		};
		4845BA352129F2C900800CAD /* Resources */ = {
			isa = PBXResourcesBuildPhase;
			buildActionMask = 2147483647;
			files = (
			);
			runOnlyForDeploymentPostprocessing = 0;
		};
		4845BA402129F2C900800CAD /* Resources */ = {
			isa = PBXResourcesBuildPhase;
			buildActionMask = 2147483647;
			files = (
			);
			runOnlyForDeploymentPostprocessing = 0;
		};
/* End PBXResourcesBuildPhase section */

/* Begin PBXSourcesBuildPhase section */
		4845BA1F2129F2C700800CAD /* Sources */ = {
			isa = PBXSourcesBuildPhase;
			buildActionMask = 2147483647;
			files = (
				4845BA292129F2C700800CAD /* ViewController.swift in Sources */,
				4845BA272129F2C700800CAD /* AppDelegate.swift in Sources */,
			);
			runOnlyForDeploymentPostprocessing = 0;
		};
		4845BA332129F2C900800CAD /* Sources */ = {
			isa = PBXSourcesBuildPhase;
			buildActionMask = 2147483647;
			files = (
				4845BA3C2129F2C900800CAD /* TipCalTests.swift in Sources */,
			);
			runOnlyForDeploymentPostprocessing = 0;
		};
		4845BA3E2129F2C900800CAD /* Sources */ = {
			isa = PBXSourcesBuildPhase;
			buildActionMask = 2147483647;
			files = (
				4845BA472129F2C900800CAD /* TipCalUITests.swift in Sources */,
			);
			runOnlyForDeploymentPostprocessing = 0;
		};
/* End PBXSourcesBuildPhase section */

/* Begin PBXTargetDependency section */
		4845BA392129F2C900800CAD /* PBXTargetDependency */ = {
			isa = PBXTargetDependency;
			target = 4845BA222129F2C700800CAD /* TipCal */;
			targetProxy = 4845BA382129F2C900800CAD /* PBXContainerItemProxy */;
		};
		4845BA442129F2C900800CAD /* PBXTargetDependency */ = {
			isa = PBXTargetDependency;
			target = 4845BA222129F2C700800CAD /* TipCal */;
			targetProxy = 4845BA432129F2C900800CAD /* PBXContainerItemProxy */;
		};
/* End PBXTargetDependency section */

/* Begin PBXVariantGroup section */
		4845BA2A2129F2C700800CAD /* Main.storyboard */ = {
			isa = PBXVariantGroup;
			children = (
				4845BA2B2129F2C700800CAD /* Base */,
			);
			name = Main.storyboard;
			sourceTree = "<group>";
		};
		4845BA2F2129F2C900800CAD /* LaunchScreen.storyboard */ = {
			isa = PBXVariantGroup;
			children = (
				4845BA302129F2C900800CAD /* Base */,
			);
			name = LaunchScreen.storyboard;
			sourceTree = "<group>";
		};
/* End PBXVariantGroup section */

/* Begin XCBuildConfiguration section */
		4845BA492129F2C900800CAD /* Debug */ = {
			isa = XCBuildConfiguration;
			buildSettings = {
				ALWAYS_SEARCH_USER_PATHS = NO;
				CLANG_ANALYZER_NONNULL = YES;
				CLANG_ANALYZER_NUMBER_OBJECT_CONVERSION = YES_AGGRESSIVE;
				CLANG_CXX_LANGUAGE_STANDARD = "gnu++14";
				CLANG_CXX_LIBRARY = "libc++";
				CLANG_ENABLE_MODULES = YES;
				CLANG_ENABLE_OBJC_ARC = YES;
				CLANG_ENABLE_OBJC_WEAK = YES;
				CLANG_WARN_BLOCK_CAPTURE_AUTORELEASING = YES;
				CLANG_WARN_BOOL_CONVERSION = YES;
				CLANG_WARN_COMMA = YES;
				CLANG_WARN_CONSTANT_CONVERSION = YES;
				CLANG_WARN_DEPRECATED_OBJC_IMPLEMENTATIONS = YES;
				CLANG_WARN_DIRECT_OBJC_ISA_USAGE = YES_ERROR;
				CLANG_WARN_DOCUMENTATION_COMMENTS = YES;
				CLANG_WARN_EMPTY_BODY = YES;
				CLANG_WARN_ENUM_CONVERSION = YES;
				CLANG_WARN_INFINITE_RECURSION = YES;
				CLANG_WARN_INT_CONVERSION = YES;
				CLANG_WARN_NON_LITERAL_NULL_CONVERSION = YES;
				CLANG_WARN_OBJC_IMPLICIT_RETAIN_SELF = YES;
				CLANG_WARN_OBJC_LITERAL_CONVERSION = YES;
				CLANG_WARN_OBJC_ROOT_CLASS = YES_ERROR;
				CLANG_WARN_RANGE_LOOP_ANALYSIS = YES;
				CLANG_WARN_STRICT_PROTOTYPES = YES;
				CLANG_WARN_SUSPICIOUS_MOVE = YES;
				CLANG_WARN_UNGUARDED_AVAILABILITY = YES_AGGRESSIVE;
				CLANG_WARN_UNREACHABLE_CODE = YES;
				CLANG_WARN__DUPLICATE_METHOD_MATCH = YES;
				CODE_SIGN_IDENTITY = "iPhone Developer";
				COPY_PHASE_STRIP = NO;
				DEBUG_INFORMATION_FORMAT = dwarf;
				ENABLE_STRICT_OBJC_MSGSEND = YES;
				ENABLE_TESTABILITY = YES;
				GCC_C_LANGUAGE_STANDARD = gnu11;
				GCC_DYNAMIC_NO_PIC = NO;
				GCC_NO_COMMON_BLOCKS = YES;
				GCC_OPTIMIZATION_LEVEL = 0;
				GCC_PREPROCESSOR_DEFINITIONS = (
					"DEBUG=1",
					"$(inherited)",
				);
				GCC_WARN_64_TO_32_BIT_CONVERSION = YES;
				GCC_WARN_ABOUT_RETURN_TYPE = YES_ERROR;
				GCC_WARN_UNDECLARED_SELECTOR = YES;
				GCC_WARN_UNINITIALIZED_AUTOS = YES_AGGRESSIVE;
				GCC_WARN_UNUSED_FUNCTION = YES;
				GCC_WARN_UNUSED_VARIABLE = YES;
				IPHONEOS_DEPLOYMENT_TARGET = 11.4;
				MTL_ENABLE_DEBUG_INFO = YES;
				ONLY_ACTIVE_ARCH = YES;
				SDKROOT = iphoneos;
				SWIFT_ACTIVE_COMPILATION_CONDITIONS = DEBUG;
				SWIFT_OPTIMIZATION_LEVEL = "-Onone";
			};
			name = Debug;
		};
		4845BA4A2129F2C900800CAD /* Release */ = {
			isa = XCBuildConfiguration;
			buildSettings = {
				ALWAYS_SEARCH_USER_PATHS = NO;
				CLANG_ANALYZER_NONNULL = YES;
				CLANG_ANALYZER_NUMBER_OBJECT_CONVERSION = YES_AGGRESSIVE;
				CLANG_CXX_LANGUAGE_STANDARD = "gnu++14";
				CLANG_CXX_LIBRARY = "libc++";
				CLANG_ENABLE_MODULES = YES;
				CLANG_ENABLE_OBJC_ARC = YES;
				CLANG_ENABLE_OBJC_WEAK = YES;
				CLANG_WARN_BLOCK_CAPTURE_AUTORELEASING = YES;
				CLANG_WARN_BOOL_CONVERSION = YES;
				CLANG_WARN_COMMA = YES;
				CLANG_WARN_CONSTANT_CONVERSION = YES;
				CLANG_WARN_DEPRECATED_OBJC_IMPLEMENTATIONS = YES;
				CLANG_WARN_DIRECT_OBJC_ISA_USAGE = YES_ERROR;
				CLANG_WARN_DOCUMENTATION_COMMENTS = YES;
				CLANG_WARN_EMPTY_BODY = YES;
				CLANG_WARN_ENUM_CONVERSION = YES;
				CLANG_WARN_INFINITE_RECURSION = YES;
				CLANG_WARN_INT_CONVERSION = YES;
				CLANG_WARN_NON_LITERAL_NULL_CONVERSION = YES;
				CLANG_WARN_OBJC_IMPLICIT_RETAIN_SELF = YES;
				CLANG_WARN_OBJC_LITERAL_CONVERSION = YES;
				CLANG_WARN_OBJC_ROOT_CLASS = YES_ERROR;
				CLANG_WARN_RANGE_LOOP_ANALYSIS = YES;
				CLANG_WARN_STRICT_PROTOTYPES = YES;
				CLANG_WARN_SUSPICIOUS_MOVE = YES;
				CLANG_WARN_UNGUARDED_AVAILABILITY = YES_AGGRESSIVE;
				CLANG_WARN_UNREACHABLE_CODE = YES;
				CLANG_WARN__DUPLICATE_METHOD_MATCH = YES;
				CODE_SIGN_IDENTITY = "iPhone Developer";
				COPY_PHASE_STRIP = NO;
				DEBUG_INFORMATION_FORMAT = "dwarf-with-dsym";
				ENABLE_NS_ASSERTIONS = NO;
				ENABLE_STRICT_OBJC_MSGSEND = YES;
				GCC_C_LANGUAGE_STANDARD = gnu11;
				GCC_NO_COMMON_BLOCKS = YES;
				GCC_WARN_64_TO_32_BIT_CONVERSION = YES;
				GCC_WARN_ABOUT_RETURN_TYPE = YES_ERROR;
				GCC_WARN_UNDECLARED_SELECTOR = YES;
				GCC_WARN_UNINITIALIZED_AUTOS = YES_AGGRESSIVE;
				GCC_WARN_UNUSED_FUNCTION = YES;
				GCC_WARN_UNUSED_VARIABLE = YES;
				IPHONEOS_DEPLOYMENT_TARGET = 11.4;
				MTL_ENABLE_DEBUG_INFO = NO;
				SDKROOT = iphoneos;
				SWIFT_COMPILATION_MODE = wholemodule;
				SWIFT_OPTIMIZATION_LEVEL = "-O";
				VALIDATE_PRODUCT = YES;
			};
			name = Release;
		};
		4845BA4C2129F2C900800CAD /* Debug */ = {
			isa = XCBuildConfiguration;
			buildSettings = {
				ASSETCATALOG_COMPILER_APPICON_NAME = AppIcon;
				CODE_SIGN_STYLE = Automatic;
				INFOPLIST_FILE = TipCal/Info.plist;
				LD_RUNPATH_SEARCH_PATHS = (
					"$(inherited)",
					"@executable_path/Frameworks",
				);
				PRODUCT_BUNDLE_IDENTIFIER = edu.mtholyoke.TipCal;
				PRODUCT_NAME = "$(TARGET_NAME)";
				SWIFT_VERSION = 4.0;
				TARGETED_DEVICE_FAMILY = "1,2";
			};
			name = Debug;
		};
		4845BA4D2129F2C900800CAD /* Release */ = {
			isa = XCBuildConfiguration;
			buildSettings = {
				ASSETCATALOG_COMPILER_APPICON_NAME = AppIcon;
				CODE_SIGN_STYLE = Automatic;
				INFOPLIST_FILE = TipCal/Info.plist;
				LD_RUNPATH_SEARCH_PATHS = (
					"$(inherited)",
					"@executable_path/Frameworks",
				);
				PRODUCT_BUNDLE_IDENTIFIER = edu.mtholyoke.TipCal;
				PRODUCT_NAME = "$(TARGET_NAME)";
				SWIFT_VERSION = 4.0;
				TARGETED_DEVICE_FAMILY = "1,2";
			};
			name = Release;
		};
		4845BA4F2129F2C900800CAD /* Debug */ = {
			isa = XCBuildConfiguration;
			buildSettings = {
				ALWAYS_EMBED_SWIFT_STANDARD_LIBRARIES = YES;
				BUNDLE_LOADER = "$(TEST_HOST)";
				CODE_SIGN_STYLE = Automatic;
				INFOPLIST_FILE = TipCalTests/Info.plist;
				LD_RUNPATH_SEARCH_PATHS = (
					"$(inherited)",
					"@executable_path/Frameworks",
					"@loader_path/Frameworks",
				);
				PRODUCT_BUNDLE_IDENTIFIER = edu.mtholyoke.TipCalTests;
				PRODUCT_NAME = "$(TARGET_NAME)";
				SWIFT_VERSION = 4.0;
				TARGETED_DEVICE_FAMILY = "1,2";
				TEST_HOST = "$(BUILT_PRODUCTS_DIR)/TipCal.app/TipCal";
			};
			name = Debug;
		};
		4845BA502129F2C900800CAD /* Release */ = {
			isa = XCBuildConfiguration;
			buildSettings = {
				ALWAYS_EMBED_SWIFT_STANDARD_LIBRARIES = YES;
				BUNDLE_LOADER = "$(TEST_HOST)";
				CODE_SIGN_STYLE = Automatic;
				INFOPLIST_FILE = TipCalTests/Info.plist;
				LD_RUNPATH_SEARCH_PATHS = (
					"$(inherited)",
					"@executable_path/Frameworks",
					"@loader_path/Frameworks",
				);
				PRODUCT_BUNDLE_IDENTIFIER = edu.mtholyoke.TipCalTests;
				PRODUCT_NAME = "$(TARGET_NAME)";
				SWIFT_VERSION = 4.0;
				TARGETED_DEVICE_FAMILY = "1,2";
				TEST_HOST = "$(BUILT_PRODUCTS_DIR)/TipCal.app/TipCal";
			};
			name = Release;
		};
		4845BA522129F2C900800CAD /* Debug */ = {
			isa = XCBuildConfiguration;
			buildSettings = {
				ALWAYS_EMBED_SWIFT_STANDARD_LIBRARIES = YES;
				CODE_SIGN_STYLE = Automatic;
				INFOPLIST_FILE = TipCalUITests/Info.plist;
				LD_RUNPATH_SEARCH_PATHS = (
					"$(inherited)",
					"@executable_path/Frameworks",
					"@loader_path/Frameworks",
				);
				PRODUCT_BUNDLE_IDENTIFIER = edu.mtholyoke.TipCalUITests;
				PRODUCT_NAME = "$(TARGET_NAME)";
				SWIFT_VERSION = 4.0;
				TARGETED_DEVICE_FAMILY = "1,2";
				TEST_TARGET_NAME = TipCal;
			};
			name = Debug;
		};
		4845BA532129F2C900800CAD /* Release */ = {
			isa = XCBuildConfiguration;
			buildSettings = {
				ALWAYS_EMBED_SWIFT_STANDARD_LIBRARIES = YES;
				CODE_SIGN_STYLE = Automatic;
				INFOPLIST_FILE = TipCalUITests/Info.plist;
				LD_RUNPATH_SEARCH_PATHS = (
					"$(inherited)",
					"@executable_path/Frameworks",
					"@loader_path/Frameworks",
				);
				PRODUCT_BUNDLE_IDENTIFIER = edu.mtholyoke.TipCalUITests;
				PRODUCT_NAME = "$(TARGET_NAME)";
				SWIFT_VERSION = 4.0;
				TARGETED_DEVICE_FAMILY = "1,2";
				TEST_TARGET_NAME = TipCal;
			};
			name = Release;
		};
/* End XCBuildConfiguration section */

/* Begin XCConfigurationList section */
		4845BA1E2129F2C700800CAD /* Build configuration list for PBXProject "TipCal" */ = {
			isa = XCConfigurationList;
			buildConfigurations = (
				4845BA492129F2C900800CAD /* Debug */,
				4845BA4A2129F2C900800CAD /* Release */,
			);
			defaultConfigurationIsVisible = 0;
			defaultConfigurationName = Release;
		};
		4845BA4B2129F2C900800CAD /* Build configuration list for PBXNativeTarget "TipCal" */ = {
			isa = XCConfigurationList;
			buildConfigurations = (
				4845BA4C2129F2C900800CAD /* Debug */,
				4845BA4D2129F2C900800CAD /* Release */,
			);
			defaultConfigurationIsVisible = 0;
			defaultConfigurationName = Release;
		};
		4845BA4E2129F2C900800CAD /* Build configuration list for PBXNativeTarget "TipCalTests" */ = {
			isa = XCConfigurationList;
			buildConfigurations = (
				4845BA4F2129F2C900800CAD /* Debug */,
				4845BA502129F2C900800CAD /* Release */,
			);
			defaultConfigurationIsVisible = 0;
			defaultConfigurationName = Release;
		};
		4845BA512129F2C900800CAD /* Build configuration list for PBXNativeTarget "TipCalUITests" */ = {
			isa = XCConfigurationList;
			buildConfigurations = (
				4845BA522129F2C900800CAD /* Debug */,
				4845BA532129F2C900800CAD /* Release */,
			);
			defaultConfigurationIsVisible = 0;
			defaultConfigurationName = Release;
		};
/* End XCConfigurationList section */
	};
	rootObject = 4845BA1B2129F2C700800CAD /* Project object */;
}
